
Microsoft Visual Studio Solution File, Format Version 12.00
# Visual Studio 15
VisualStudioVersion = 15.0.27703.2047
MinimumVisualStudioVersion = 10.0.40219.1
Project("{2150E333-8FDC-42A3-9474-1A3956D46DE8}") = "Server", "Server", "{8BC45422-8F5D-4423-8D53-6C3EFACF7337}"
EndProject
Project("{9A19103F-16F7-4668-BE54-9A1E7A4F7556}") = "AcmeCorporation.Draw.Domain", "Src\AcmeCorporation.Draw.Domain\AcmeCorporation.Draw.Domain.csproj", "{45BE1791-FC79-487E-A415-4690E222EBFB}"
EndProject
Project("{9A19103F-16F7-4668-BE54-9A1E7A4F7556}") = "AcmeCorporation.Draw.Infrastructure", "Src\AcmeCorporation.Draw.Infrastructure\AcmeCorporation.Draw.Infrastructure.csproj", "{D91D8A8D-D54D-4AB9-94CE-A2BC78792A7E}"
EndProject
Project("{9A19103F-16F7-4668-BE54-9A1E7A4F7556}") = "AcmeCorporation.Draw.WebApi", "Src\AcmeCorporation.Draw.WebApi\AcmeCorporation.Draw.WebApi.csproj", "{69F55F04-E7E4-4CE3-BFF7-F5A596EB3D8F}"
EndProject
Project("{2150E333-8FDC-42A3-9474-1A3956D46DE8}") = "Tests", "Tests", "{ECCA6A19-E803-43BB-AB83-569E57A9CA21}"
EndProject
Project("{9A19103F-16F7-4668-BE54-9A1E7A4F7556}") = "AcmeCorporation.Draw.Tests", "Tests\AcmeCorporation.Draw.Tests\AcmeCorporation.Draw.Tests.csproj", "{C7D045A2-B67C-44E0-B518-35B8D76EF967}"
EndProject
Project("{9A19103F-16F7-4668-BE54-9A1E7A4F7556}") = "AcmeCorporation.Draw.Tests.Integration", "Tests\AcmeCorporation.Draw.Tests.Integration\AcmeCorporation.Draw.Tests.Integration.csproj", "{BA019711-BD99-43B9-B3C4-4B9D58D377F0}"
EndProject
Project("{9A19103F-16F7-4668-BE54-9A1E7A4F7556}") = "AcmeCorporation.Client", "Src\AcmeCorporation-Client\AcmeCorporation.Client.csproj", "{E01FD901-4DDC-4AE7-9C15-567E452B82C5}"
EndProject
Project("{2150E333-8FDC-42A3-9474-1A3956D46DE8}") = "Solution Items", "Solution Items", "{26FB618B-1246-40C1-BE53-ACC16CDCAAD7}"
	ProjectSection(SolutionItems) = preProject
		README.md = README.md
	EndProjectSection
EndProject
Global
	GlobalSection(SolutionConfigurationPlatforms) = preSolution
		Debug|Any CPU = Debug|Any CPU
		Release|Any CPU = Release|Any CPU
	EndGlobalSection
	GlobalSection(ProjectConfigurationPlatforms) = postSolution
		{45BE1791-FC79-487E-A415-4690E222EBFB}.Debug|Any CPU.ActiveCfg = Debug|Any CPU
		{45BE1791-FC79-487E-A415-4690E222EBFB}.Debug|Any CPU.Build.0 = Debug|Any CPU
		{45BE1791-FC79-487E-A415-4690E222EBFB}.Release|Any CPU.ActiveCfg = Release|Any CPU
		{45BE1791-FC79-487E-A415-4690E222EBFB}.Release|Any CPU.Build.0 = Release|Any CPU
		{D91D8A8D-D54D-4AB9-94CE-A2BC78792A7E}.Debug|Any CPU.ActiveCfg = Debug|Any CPU
		{D91D8A8D-D54D-4AB9-94CE-A2BC78792A7E}.Debug|Any CPU.Build.0 = Debug|Any CPU
		{D91D8A8D-D54D-4AB9-94CE-A2BC78792A7E}.Release|Any CPU.ActiveCfg = Release|Any CPU
		{D91D8A8D-D54D-4AB9-94CE-A2BC78792A7E}.Release|Any CPU.Build.0 = Release|Any CPU
		{69F55F04-E7E4-4CE3-BFF7-F5A596EB3D8F}.Debug|Any CPU.ActiveCfg = Debug|Any CPU
		{69F55F04-E7E4-4CE3-BFF7-F5A596EB3D8F}.Debug|Any CPU.Build.0 = Debug|Any CPU
		{69F55F04-E7E4-4CE3-BFF7-F5A596EB3D8F}.Release|Any CPU.ActiveCfg = Release|Any CPU
		{69F55F04-E7E4-4CE3-BFF7-F5A596EB3D8F}.Release|Any CPU.Build.0 = Release|Any CPU
		{C7D045A2-B67C-44E0-B518-35B8D76EF967}.Debug|Any CPU.ActiveCfg = Debug|Any CPU
		{C7D045A2-B67C-44E0-B518-35B8D76EF967}.Debug|Any CPU.Build.0 = Debug|Any CPU
		{C7D045A2-B67C-44E0-B518-35B8D76EF967}.Release|Any CPU.ActiveCfg = Release|Any CPU
		{C7D045A2-B67C-44E0-B518-35B8D76EF967}.Release|Any CPU.Build.0 = Release|Any CPU
		{BA019711-BD99-43B9-B3C4-4B9D58D377F0}.Debug|Any CPU.ActiveCfg = Debug|Any CPU
		{BA019711-BD99-43B9-B3C4-4B9D58D377F0}.Debug|Any CPU.Build.0 = Debug|Any CPU
		{BA019711-BD99-43B9-B3C4-4B9D58D377F0}.Release|Any CPU.ActiveCfg = Release|Any CPU
		{BA019711-BD99-43B9-B3C4-4B9D58D377F0}.Release|Any CPU.Build.0 = Release|Any CPU
		{E01FD901-4DDC-4AE7-9C15-567E452B82C5}.Debug|Any CPU.ActiveCfg = Debug|Any CPU
		{E01FD901-4DDC-4AE7-9C15-567E452B82C5}.Debug|Any CPU.Build.0 = Debug|Any CPU
		{E01FD901-4DDC-4AE7-9C15-567E452B82C5}.Release|Any CPU.ActiveCfg = Release|Any CPU
		{E01FD901-4DDC-4AE7-9C15-567E452B82C5}.Release|Any CPU.Build.0 = Release|Any CPU
	EndGlobalSection
	GlobalSection(SolutionProperties) = preSolution
		HideSolutionNode = FALSE
	EndGlobalSection
	GlobalSection(NestedProjects) = preSolution
		{45BE1791-FC79-487E-A415-4690E222EBFB} = {8BC45422-8F5D-4423-8D53-6C3EFACF7337}
		{D91D8A8D-D54D-4AB9-94CE-A2BC78792A7E} = {8BC45422-8F5D-4423-8D53-6C3EFACF7337}
		{69F55F04-E7E4-4CE3-BFF7-F5A596EB3D8F} = {8BC45422-8F5D-4423-8D53-6C3EFACF7337}
		{ECCA6A19-E803-43BB-AB83-569E57A9CA21} = {8BC45422-8F5D-4423-8D53-6C3EFACF7337}
		{C7D045A2-B67C-44E0-B518-35B8D76EF967} = {ECCA6A19-E803-43BB-AB83-569E57A9CA21}
		{BA019711-BD99-43B9-B3C4-4B9D58D377F0} = {ECCA6A19-E803-43BB-AB83-569E57A9CA21}
	EndGlobalSection
	GlobalSection(ExtensibilityGlobals) = postSolution
		SolutionGuid = {03E110E5-C678-4958-AF8C-0B7F984A296D}
	EndGlobalSection
EndGlobal
